// !$*UTF8*$!
{
	archiveVersion = 1;
	classes = {
	};
	objectVersion = 77;
	objects = {

/* Begin PBXContainerItemProxy section */
		6535ACE82D5FDDD900DC4A1F /* PBXContainerItemProxy */ = {
			isa = PBXContainerItemProxy;
			containerPortal = 6535ACCF2D5FDDC600DC4A1F /* Project object */;
			proxyType = 1;
			remoteGlobalIDString = 6535ACD62D5FDDC600DC4A1F;
			remoteInfo = NoteApp;
		};
		6535ACF22D5FDDD900DC4A1F /* PBXContainerItemProxy */ = {
			isa = PBXContainerItemProxy;
			containerPortal = 6535ACCF2D5FDDC600DC4A1F /* Project object */;
			proxyType = 1;
			remoteGlobalIDString = 6535ACD62D5FDDC600DC4A1F;
			remoteInfo = NoteApp;
		};
/* End PBXContainerItemProxy section */

/* Begin PBXFileReference section */
		6535ACD72D5FDDC600DC4A1F /* NoteApp.app */ = {isa = PBXFileReference; explicitFileType = wrapper.application; includeInIndex = 0; path = NoteApp.app; sourceTree = BUILT_PRODUCTS_DIR; };
		6535ACE72D5FDDD900DC4A1F /* NoteAppTests.xctest */ = {isa = PBXFileReference; explicitFileType = wrapper.cfbundle; includeInIndex = 0; path = NoteAppTests.xctest; sourceTree = BUILT_PRODUCTS_DIR; };
		6535ACF12D5FDDD900DC4A1F /* NoteAppUITests.xctest */ = {isa = PBXFileReference; explicitFileType = wrapper.cfbundle; includeInIndex = 0; path = NoteAppUITests.xctest; sourceTree = BUILT_PRODUCTS_DIR; };
/* End PBXFileReference section */

/* Begin PBXFileSystemSynchronizedRootGroup section */
		6535ACD92D5FDDC600DC4A1F /* NoteApp */ = {
			isa = PBXFileSystemSynchronizedRootGroup;
			path = NoteApp;
			sourceTree = "<group>";
		};
		6535ACEA2D5FDDD900DC4A1F /* NoteAppTests */ = {
			isa = PBXFileSystemSynchronizedRootGroup;
			path = NoteAppTests;
			sourceTree = "<group>";
		};
		6535ACF42D5FDDD900DC4A1F /* NoteAppUITests */ = {
			isa = PBXFileSystemSynchronizedRootGroup;
			path = NoteAppUITests;
			sourceTree = "<group>";
		};
/* End PBXFileSystemSynchronizedRootGroup section */

/* Begin PBXFrameworksBuildPhase section */
		6535ACD42D5FDDC600DC4A1F /* Frameworks */ = {
			isa = PBXFrameworksBuildPhase;
			buildActionMask = 2147483647;
			files = (
			);
			runOnlyForDeploymentPostprocessing = 0;
		};
		6535ACE42D5FDDD900DC4A1F /* Frameworks */ = {
			isa = PBXFrameworksBuildPhase;
			buildActionMask = 2147483647;
			files = (
			);
			runOnlyForDeploymentPostprocessing = 0;
		};
		6535ACEE2D5FDDD900DC4A1F /* Frameworks */ = {
			isa = PBXFrameworksBuildPhase;
			buildActionMask = 2147483647;
			files = (
			);
			runOnlyForDeploymentPostprocessing = 0;
		};
/* End PBXFrameworksBuildPhase section */

/* Begin PBXGroup section */
		6535ACCE2D5FDDC600DC4A1F = {
			isa = PBXGroup;
			children = (
				6535ACD92D5FDDC600DC4A1F /* NoteApp */,
				6535ACEA2D5FDDD900DC4A1F /* NoteAppTests */,
				6535ACF42D5FDDD900DC4A1F /* NoteAppUITests */,
				6535ACD82D5FDDC600DC4A1F /* Products */,
			);
			sourceTree = "<group>";
		};
		6535ACD82D5FDDC600DC4A1F /* Products */ = {
			isa = PBXGroup;
			children = (
				6535ACD72D5FDDC600DC4A1F /* NoteApp.app */,
				6535ACE72D5FDDD900DC4A1F /* NoteAppTests.xctest */,
				6535ACF12D5FDDD900DC4A1F /* NoteAppUITests.xctest */,
			);
			name = Products;
			sourceTree = "<group>";
		};
/* End PBXGroup section */

/* Begin PBXNativeTarget section */
		6535ACD62D5FDDC600DC4A1F /* NoteApp */ = {
			isa = PBXNativeTarget;
			buildConfigurationList = 6535ACFB2D5FDDD900DC4A1F /* Build configuration list for PBXNativeTarget "NoteApp" */;
			buildPhases = (
				6535ACD32D5FDDC600DC4A1F /* Sources */,
				6535ACD42D5FDDC600DC4A1F /* Frameworks */,
				6535ACD52D5FDDC600DC4A1F /* Resources */,
			);
			buildRules = (
			);
			dependencies = (
			);
			fileSystemSynchronizedGroups = (
				6535ACD92D5FDDC600DC4A1F /* NoteApp */,
			);
			name = NoteApp;
			packageProductDependencies = (
			);
			productName = NoteApp;
			productReference = 6535ACD72D5FDDC600DC4A1F /* NoteApp.app */;
			productType = "com.apple.product-type.application";
		};
		6535ACE62D5FDDD900DC4A1F /* NoteAppTests */ = {
			isa = PBXNativeTarget;
			buildConfigurationList = 6535ACFE2D5FDDD900DC4A1F /* Build configuration list for PBXNativeTarget "NoteAppTests" */;
			buildPhases = (
				6535ACE32D5FDDD900DC4A1F /* Sources */,
				6535ACE42D5FDDD900DC4A1F /* Frameworks */,
				6535ACE52D5FDDD900DC4A1F /* Resources */,
			);
			buildRules = (
			);
			dependencies = (
				6535ACE92D5FDDD900DC4A1F /* PBXTargetDependency */,
			);
			fileSystemSynchronizedGroups = (
				6535ACEA2D5FDDD900DC4A1F /* NoteAppTests */,
			);
			name = NoteAppTests;
			packageProductDependencies = (
			);
			productName = NoteAppTests;
			productReference = 6535ACE72D5FDDD900DC4A1F /* NoteAppTests.xctest */;
			productType = "com.apple.product-type.bundle.unit-test";
		};
		6535ACF02D5FDDD900DC4A1F /* NoteAppUITests */ = {
			isa = PBXNativeTarget;
			buildConfigurationList = 6535AD012D5FDDD900DC4A1F /* Build configuration list for PBXNativeTarget "NoteAppUITests" */;
			buildPhases = (
				6535ACED2D5FDDD900DC4A1F /* Sources */,
				6535ACEE2D5FDDD900DC4A1F /* Frameworks */,
				6535ACEF2D5FDDD900DC4A1F /* Resources */,
			);
			buildRules = (
			);
			dependencies = (
				6535ACF32D5FDDD900DC4A1F /* PBXTargetDependency */,
			);
			fileSystemSynchronizedGroups = (
				6535ACF42D5FDDD900DC4A1F /* NoteAppUITests */,
			);
			name = NoteAppUITests;
			packageProductDependencies = (
			);
			productName = NoteAppUITests;
			productReference = 6535ACF12D5FDDD900DC4A1F /* NoteAppUITests.xctest */;
			productType = "com.apple.product-type.bundle.ui-testing";
		};
/* End PBXNativeTarget section */

/* Begin PBXProject section */
		6535ACCF2D5FDDC600DC4A1F /* Project object */ = {
			isa = PBXProject;
			attributes = {
				BuildIndependentTargetsInParallel = 1;
				LastSwiftUpdateCheck = 1620;
				LastUpgradeCheck = 1620;
				TargetAttributes = {
					6535ACD62D5FDDC600DC4A1F = {
						CreatedOnToolsVersion = 16.2;
					};
					6535ACE62D5FDDD900DC4A1F = {
						CreatedOnToolsVersion = 16.2;
						TestTargetID = 6535ACD62D5FDDC600DC4A1F;
					};
					6535ACF02D5FDDD900DC4A1F = {
						CreatedOnToolsVersion = 16.2;
						TestTargetID = 6535ACD62D5FDDC600DC4A1F;
					};
				};
			};
			buildConfigurationList = 6535ACD22D5FDDC600DC4A1F /* Build configuration list for PBXProject "NoteApp" */;
			developmentRegion = en;
			hasScannedForEncodings = 0;
			knownRegions = (
				en,
				Base,
			);
			mainGroup = 6535ACCE2D5FDDC600DC4A1F;
			minimizedProjectReferenceProxies = 1;
			preferredProjectObjectVersion = 77;
			productRefGroup = 6535ACD82D5FDDC600DC4A1F /* Products */;
			projectDirPath = "";
			projectRoot = "";
			targets = (
				6535ACD62D5FDDC600DC4A1F /* NoteApp */,
				6535ACE62D5FDDD900DC4A1F /* NoteAppTests */,
				6535ACF02D5FDDD900DC4A1F /* NoteAppUITests */,
			);
		};
/* End PBXProject section */

/* Begin PBXResourcesBuildPhase section */
		6535ACD52D5FDDC600DC4A1F /* Resources */ = {
			isa = PBXResourcesBuildPhase;
			buildActionMask = 2147483647;
			files = (
			);
			runOnlyForDeploymentPostprocessing = 0;
		};
		6535ACE52D5FDDD900DC4A1F /* Resources */ = {
			isa = PBXResourcesBuildPhase;
			buildActionMask = 2147483647;
			files = (
			);
			runOnlyForDeploymentPostprocessing = 0;
		};
		6535ACEF2D5FDDD900DC4A1F /* Resources */ = {
			isa = PBXResourcesBuildPhase;
			buildActionMask = 2147483647;
			files = (
			);
			runOnlyForDeploymentPostprocessing = 0;
		};
/* End PBXResourcesBuildPhase section */

/* Begin PBXSourcesBuildPhase section */
		6535ACD32D5FDDC600DC4A1F /* Sources */ = {
			isa = PBXSourcesBuildPhase;
			buildActionMask = 2147483647;
			files = (
			);
			runOnlyForDeploymentPostprocessing = 0;
		};
		6535ACE32D5FDDD900DC4A1F /* Sources */ = {
			isa = PBXSourcesBuildPhase;
			buildActionMask = 2147483647;
			files = (
			);
			runOnlyForDeploymentPostprocessing = 0;
		};
		6535ACED2D5FDDD900DC4A1F /* Sources */ = {
			isa = PBXSourcesBuildPhase;
			buildActionMask = 2147483647;
			files = (
			);
			runOnlyForDeploymentPostprocessing = 0;
		};
/* End PBXSourcesBuildPhase section */

/* Begin PBXTargetDependency section */
		6535ACE92D5FDDD900DC4A1F /* PBXTargetDependency */ = {
			isa = PBXTargetDependency;
			target = 6535ACD62D5FDDC600DC4A1F /* NoteApp */;
			targetProxy = 6535ACE82D5FDDD900DC4A1F /* PBXContainerItemProxy */;
		};
		6535ACF32D5FDDD900DC4A1F /* PBXTargetDependency */ = {
			isa = PBXTargetDependency;
			target = 6535ACD62D5FDDC600DC4A1F /* NoteApp */;
			targetProxy = 6535ACF22D5FDDD900DC4A1F /* PBXContainerItemProxy */;
		};
/* End PBXTargetDependency section */

/* Begin XCBuildConfiguration section */
		6535ACF92D5FDDD900DC4A1F /* Debug */ = {
			isa = XCBuildConfiguration;
			buildSettings = {
				ALWAYS_SEARCH_USER_PATHS = NO;
				ASSETCATALOG_COMPILER_GENERATE_SWIFT_ASSET_SYMBOL_EXTENSIONS = YES;
				CLANG_ANALYZER_NONNULL = YES;
				CLANG_ANALYZER_NUMBER_OBJECT_CONVERSION = YES_AGGRESSIVE;
				CLANG_CXX_LANGUAGE_STANDARD = "gnu++20";
				CLANG_ENABLE_MODULES = YES;
				CLANG_ENABLE_OBJC_ARC = YES;
				CLANG_ENABLE_OBJC_WEAK = YES;
				CLANG_WARN_BLOCK_CAPTURE_AUTORELEASING = YES;
				CLANG_WARN_BOOL_CONVERSION = YES;
				CLANG_WARN_COMMA = YES;
				CLANG_WARN_CONSTANT_CONVERSION = YES;
				CLANG_WARN_DEPRECATED_OBJC_IMPLEMENTATIONS = YES;
				CLANG_WARN_DIRECT_OBJC_ISA_USAGE = YES_ERROR;
				CLANG_WARN_DOCUMENTATION_COMMENTS = YES;
				CLANG_WARN_EMPTY_BODY = YES;
				CLANG_WARN_ENUM_CONVERSION = YES;
				CLANG_WARN_INFINITE_RECURSION = YES;
				CLANG_WARN_INT_CONVERSION = YES;
				CLANG_WARN_NON_LITERAL_NULL_CONVERSION = YES;
				CLANG_WARN_OBJC_IMPLICIT_RETAIN_SELF = YES;
				CLANG_WARN_OBJC_LITERAL_CONVERSION = YES;
				CLANG_WARN_OBJC_ROOT_CLASS = YES_ERROR;
				CLANG_WARN_QUOTED_INCLUDE_IN_FRAMEWORK_HEADER = YES;
				CLANG_WARN_RANGE_LOOP_ANALYSIS = YES;
				CLANG_WARN_STRICT_PROTOTYPES = YES;
				CLANG_WARN_SUSPICIOUS_MOVE = YES;
				CLANG_WARN_UNGUARDED_AVAILABILITY = YES_AGGRESSIVE;
				CLANG_WARN_UNREACHABLE_CODE = YES;
				CLANG_WARN__DUPLICATE_METHOD_MATCH = YES;
				COPY_PHASE_STRIP = NO;
				DEBUG_INFORMATION_FORMAT = dwarf;
				ENABLE_STRICT_OBJC_MSGSEND = YES;
				ENABLE_TESTABILITY = YES;
				ENABLE_USER_SCRIPT_SANDBOXING = YES;
				GCC_C_LANGUAGE_STANDARD = gnu17;
				GCC_DYNAMIC_NO_PIC = NO;
				GCC_NO_COMMON_BLOCKS = YES;
				GCC_OPTIMIZATION_LEVEL = 0;
				GCC_PREPROCESSOR_DEFINITIONS = (
					"DEBUG=1",
					"$(inherited)",
				);
				GCC_WARN_64_TO_32_BIT_CONVERSION = YES;
				GCC_WARN_ABOUT_RETURN_TYPE = YES_ERROR;
				GCC_WARN_UNDECLARED_SELECTOR = YES;
				GCC_WARN_UNINITIALIZED_AUTOS = YES_AGGRESSIVE;
				GCC_WARN_UNUSED_FUNCTION = YES;
				GCC_WARN_UNUSED_VARIABLE = YES;
				IPHONEOS_DEPLOYMENT_TARGET = 18.2;
				LOCALIZATION_PREFERS_STRING_CATALOGS = YES;
				MTL_ENABLE_DEBUG_INFO = INCLUDE_SOURCE;
				MTL_FAST_MATH = YES;
				ONLY_ACTIVE_ARCH = YES;
				SDKROOT = iphoneos;
				SWIFT_ACTIVE_COMPILATION_CONDITIONS = "DEBUG $(inherited)";
				SWIFT_OPTIMIZATION_LEVEL = "-Onone";
			};
			name = Debug;
		};
		6535ACFA2D5FDDD900DC4A1F /* Release */ = {
			isa = XCBuildConfiguration;
			buildSettings = {
				ALWAYS_SEARCH_USER_PATHS = NO;
				ASSETCATALOG_COMPILER_GENERATE_SWIFT_ASSET_SYMBOL_EXTENSIONS = YES;
				CLANG_ANALYZER_NONNULL = YES;
				CLANG_ANALYZER_NUMBER_OBJECT_CONVERSION = YES_AGGRESSIVE;
				CLANG_CXX_LANGUAGE_STANDARD = "gnu++20";
				CLANG_ENABLE_MODULES = YES;
				CLANG_ENABLE_OBJC_ARC = YES;
				CLANG_ENABLE_OBJC_WEAK = YES;
				CLANG_WARN_BLOCK_CAPTURE_AUTORELEASING = YES;
				CLANG_WARN_BOOL_CONVERSION = YES;
				CLANG_WARN_COMMA = YES;
				CLANG_WARN_CONSTANT_CONVERSION = YES;
				CLANG_WARN_DEPRECATED_OBJC_IMPLEMENTATIONS = YES;
				CLANG_WARN_DIRECT_OBJC_ISA_USAGE = YES_ERROR;
				CLANG_WARN_DOCUMENTATION_COMMENTS = YES;
				CLANG_WARN_EMPTY_BODY = YES;
				CLANG_WARN_ENUM_CONVERSION = YES;
				CLANG_WARN_INFINITE_RECURSION = YES;
				CLANG_WARN_INT_CONVERSION = YES;
				CLANG_WARN_NON_LITERAL_NULL_CONVERSION = YES;
				CLANG_WARN_OBJC_IMPLICIT_RETAIN_SELF = YES;
				CLANG_WARN_OBJC_LITERAL_CONVERSION = YES;
				CLANG_WARN_OBJC_ROOT_CLASS = YES_ERROR;
				CLANG_WARN_QUOTED_INCLUDE_IN_FRAMEWORK_HEADER = YES;
				CLANG_WARN_RANGE_LOOP_ANALYSIS = YES;
				CLANG_WARN_STRICT_PROTOTYPES = YES;
				CLANG_WARN_SUSPICIOUS_MOVE = YES;
				CLANG_WARN_UNGUARDED_AVAILABILITY = YES_AGGRESSIVE;
				CLANG_WARN_UNREACHABLE_CODE = YES;
				CLANG_WARN__DUPLICATE_METHOD_MATCH = YES;
				COPY_PHASE_STRIP = NO;
				DEBUG_INFORMATION_FORMAT = "dwarf-with-dsym";
				ENABLE_NS_ASSERTIONS = NO;
				ENABLE_STRICT_OBJC_MSGSEND = YES;
				ENABLE_USER_SCRIPT_SANDBOXING = YES;
				GCC_C_LANGUAGE_STANDARD = gnu17;
				GCC_NO_COMMON_BLOCKS = YES;
				GCC_WARN_64_TO_32_BIT_CONVERSION = YES;
				GCC_WARN_ABOUT_RETURN_TYPE = YES_ERROR;
				GCC_WARN_UNDECLARED_SELECTOR = YES;
				GCC_WARN_UNINITIALIZED_AUTOS = YES_AGGRESSIVE;
				GCC_WARN_UNUSED_FUNCTION = YES;
				GCC_WARN_UNUSED_VARIABLE = YES;
				IPHONEOS_DEPLOYMENT_TARGET = 18.2;
				LOCALIZATION_PREFERS_STRING_CATALOGS = YES;
				MTL_ENABLE_DEBUG_INFO = NO;
				MTL_FAST_MATH = YES;
				SDKROOT = iphoneos;
				SWIFT_COMPILATION_MODE = wholemodule;
				VALIDATE_PRODUCT = YES;
			};
			name = Release;
		};
		6535ACFC2D5FDDD900DC4A1F /* Debug */ = {
			isa = XCBuildConfiguration;
			buildSettings = {
				ASSETCATALOG_COMPILER_APPICON_NAME = AppIcon;
				ASSETCATALOG_COMPILER_GLOBAL_ACCENT_COLOR_NAME = AccentColor;
				CODE_SIGN_STYLE = Automatic;
				CURRENT_PROJECT_VERSION = 1;
				DEVELOPMENT_ASSET_PATHS = "\"NoteApp/Preview Content\"";
				ENABLE_PREVIEWS = YES;
				GENERATE_INFOPLIST_FILE = YES;
				INFOPLIST_KEY_UIApplicationSceneManifest_Generation = YES;
				INFOPLIST_KEY_UIApplicationSupportsIndirectInputEvents = YES;
				INFOPLIST_KEY_UILaunchScreen_Generation = YES;
				INFOPLIST_KEY_UISupportedInterfaceOrientations_iPad = "UIInterfaceOrientationPortrait UIInterfaceOrientationPortraitUpsideDown UIInterfaceOrientationLandscapeLeft UIInterfaceOrientationLandscapeRight";
				INFOPLIST_KEY_UISupportedInterfaceOrientations_iPhone = "UIInterfaceOrientationPortrait UIInterfaceOrientationLandscapeLeft UIInterfaceOrientationLandscapeRight";
				LD_RUNPATH_SEARCH_PATHS = (
					"$(inherited)",
					"@executable_path/Frameworks",
				);
				MARKETING_VERSION = 1.0;
				PRODUCT_BUNDLE_IDENTIFIER = JestenScheideger.NoteApp;
				PRODUCT_NAME = "$(TARGET_NAME)";
				SWIFT_EMIT_LOC_STRINGS = YES;
				SWIFT_VERSION = 5.0;
				TARGETED_DEVICE_FAMILY = "1,2";
			};
			name = Debug;
		};
		6535ACFD2D5FDDD900DC4A1F /* Release */ = {
			isa = XCBuildConfiguration;
			buildSettings = {
				ASSETCATALOG_COMPILER_APPICON_NAME = AppIcon;
				ASSETCATALOG_COMPILER_GLOBAL_ACCENT_COLOR_NAME = AccentColor;
				CODE_SIGN_STYLE = Automatic;
				CURRENT_PROJECT_VERSION = 1;
				DEVELOPMENT_ASSET_PATHS = "\"NoteApp/Preview Content\"";
				ENABLE_PREVIEWS = YES;
				GENERATE_INFOPLIST_FILE = YES;
				INFOPLIST_KEY_UIApplicationSceneManifest_Generation = YES;
				INFOPLIST_KEY_UIApplicationSupportsIndirectInputEvents = YES;
				INFOPLIST_KEY_UILaunchScreen_Generation = YES;
				INFOPLIST_KEY_UISupportedInterfaceOrientations_iPad = "UIInterfaceOrientationPortrait UIInterfaceOrientationPortraitUpsideDown UIInterfaceOrientationLandscapeLeft UIInterfaceOrientationLandscapeRight";
				INFOPLIST_KEY_UISupportedInterfaceOrientations_iPhone = "UIInterfaceOrientationPortrait UIInterfaceOrientationLandscapeLeft UIInterfaceOrientationLandscapeRight";
				LD_RUNPATH_SEARCH_PATHS = (
					"$(inherited)",
					"@executable_path/Frameworks",
				);
				MARKETING_VERSION = 1.0;
				PRODUCT_BUNDLE_IDENTIFIER = JestenScheideger.NoteApp;
				PRODUCT_NAME = "$(TARGET_NAME)";
				SWIFT_EMIT_LOC_STRINGS = YES;
				SWIFT_VERSION = 5.0;
				TARGETED_DEVICE_FAMILY = "1,2";
			};
			name = Release;
		};
		6535ACFF2D5FDDD900DC4A1F /* Debug */ = {
			isa = XCBuildConfiguration;
			buildSettings = {
				BUNDLE_LOADER = "$(TEST_HOST)";
				CODE_SIGN_STYLE = Automatic;
				CURRENT_PROJECT_VERSION = 1;
				GENERATE_INFOPLIST_FILE = YES;
				IPHONEOS_DEPLOYMENT_TARGET = 18.2;
				MARKETING_VERSION = 1.0;
				PRODUCT_BUNDLE_IDENTIFIER = JestenScheideger.NoteAppTests;
				PRODUCT_NAME = "$(TARGET_NAME)";
				SWIFT_EMIT_LOC_STRINGS = NO;
				SWIFT_VERSION = 5.0;
				TARGETED_DEVICE_FAMILY = "1,2";
				TEST_HOST = "$(BUILT_PRODUCTS_DIR)/NoteApp.app/$(BUNDLE_EXECUTABLE_FOLDER_PATH)/NoteApp";
			};
			name = Debug;
		};
		6535AD002D5FDDD900DC4A1F /* Release */ = {
			isa = XCBuildConfiguration;
			buildSettings = {
				BUNDLE_LOADER = "$(TEST_HOST)";
				CODE_SIGN_STYLE = Automatic;
				CURRENT_PROJECT_VERSION = 1;
				GENERATE_INFOPLIST_FILE = YES;
				IPHONEOS_DEPLOYMENT_TARGET = 18.2;
				MARKETING_VERSION = 1.0;
				PRODUCT_BUNDLE_IDENTIFIER = JestenScheideger.NoteAppTests;
				PRODUCT_NAME = "$(TARGET_NAME)";
				SWIFT_EMIT_LOC_STRINGS = NO;
				SWIFT_VERSION = 5.0;
				TARGETED_DEVICE_FAMILY = "1,2";
				TEST_HOST = "$(BUILT_PRODUCTS_DIR)/NoteApp.app/$(BUNDLE_EXECUTABLE_FOLDER_PATH)/NoteApp";
			};
			name = Release;
		};
		6535AD022D5FDDD900DC4A1F /* Debug */ = {
			isa = XCBuildConfiguration;
			buildSettings = {
				CODE_SIGN_STYLE = Automatic;
				CURRENT_PROJECT_VERSION = 1;
				GENERATE_INFOPLIST_FILE = YES;
				MARKETING_VERSION = 1.0;
				PRODUCT_BUNDLE_IDENTIFIER = JestenScheideger.NoteAppUITests;
				PRODUCT_NAME = "$(TARGET_NAME)";
				SWIFT_EMIT_LOC_STRINGS = NO;
				SWIFT_VERSION = 5.0;
				TARGETED_DEVICE_FAMILY = "1,2";
				TEST_TARGET_NAME = NoteApp;
			};
			name = Debug;
		};
		6535AD032D5FDDD900DC4A1F /* Release */ = {
			isa = XCBuildConfiguration;
			buildSettings = {
				CODE_SIGN_STYLE = Automatic;
				CURRENT_PROJECT_VERSION = 1;
				GENERATE_INFOPLIST_FILE = YES;
				MARKETING_VERSION = 1.0;
				PRODUCT_BUNDLE_IDENTIFIER = JestenScheideger.NoteAppUITests;
				PRODUCT_NAME = "$(TARGET_NAME)";
				SWIFT_EMIT_LOC_STRINGS = NO;
				SWIFT_VERSION = 5.0;
				TARGETED_DEVICE_FAMILY = "1,2";
				TEST_TARGET_NAME = NoteApp;
			};
			name = Release;
		};
/* End XCBuildConfiguration section */

/* Begin XCConfigurationList section */
		6535ACD22D5FDDC600DC4A1F /* Build configuration list for PBXProject "NoteApp" */ = {
			isa = XCConfigurationList;
			buildConfigurations = (
				6535ACF92D5FDDD900DC4A1F /* Debug */,
				6535ACFA2D5FDDD900DC4A1F /* Release */,
			);
			defaultConfigurationIsVisible = 0;
			defaultConfigurationName = Release;
		};
		6535ACFB2D5FDDD900DC4A1F /* Build configuration list for PBXNativeTarget "NoteApp" */ = {
			isa = XCConfigurationList;
			buildConfigurations = (
				6535ACFC2D5FDDD900DC4A1F /* Debug */,
				6535ACFD2D5FDDD900DC4A1F /* Release */,
			);
			defaultConfigurationIsVisible = 0;
			defaultConfigurationName = Release;
		};
		6535ACFE2D5FDDD900DC4A1F /* Build configuration list for PBXNativeTarget "NoteAppTests" */ = {
			isa = XCConfigurationList;
			buildConfigurations = (
				6535ACFF2D5FDDD900DC4A1F /* Debug */,
				6535AD002D5FDDD900DC4A1F /* Release */,
			);
			defaultConfigurationIsVisible = 0;
			defaultConfigurationName = Release;
		};
		6535AD012D5FDDD900DC4A1F /* Build configuration list for PBXNativeTarget "NoteAppUITests" */ = {
			isa = XCConfigurationList;
			buildConfigurations = (
				6535AD022D5FDDD900DC4A1F /* Debug */,
				6535AD032D5FDDD900DC4A1F /* Release */,
			);
			defaultConfigurationIsVisible = 0;
			defaultConfigurationName = Release;
		};
/* End XCConfigurationList section */
	};
	rootObject = 6535ACCF2D5FDDC600DC4A1F /* Project object */;
}
